
Microsoft Visual Studio Solution File, Format Version 12.00
# Visual Studio Version 16
VisualStudioVersion = 25.0.1706.9
MinimumVisualStudioVersion = 10.0.40219.1
Project("{FAE04EC0-301F-11D3-BF4B-00C04F79EFBC}") = "CLubMembershipApplication", "CLubMembershipApplication\CLubMembershipApplication.csproj", "{CF1E7394-0639-4188-808E-722658DA2181}"
EndProject
Project("{FAE04EC0-301F-11D3-BF4B-00C04F79EFBC}") = "FieldValidationAPI", "FieldValidationAPI\FieldValidationAPI.csproj", "{CC6D4763-DF35-4898-AAAD-7C5F32FB7D72}"
EndProject
Global
	GlobalSection(SolutionConfigurationPlatforms) = preSolution
		Debug|Any CPU = Debug|Any CPU
		Release|Any CPU = Release|Any CPU
	EndGlobalSection
	GlobalSection(ProjectConfigurationPlatforms) = postSolution
		{CF1E7394-0639-4188-808E-722658DA2181}.Debug|Any CPU.ActiveCfg = Debug|Any CPU
		{CF1E7394-0639-4188-808E-722658DA2181}.Debug|Any CPU.Build.0 = Debug|Any CPU
		{CF1E7394-0639-4188-808E-722658DA2181}.Release|Any CPU.ActiveCfg = Release|Any CPU
		{CF1E7394-0639-4188-808E-722658DA2181}.Release|Any CPU.Build.0 = Release|Any CPU
		{CC6D4763-DF35-4898-AAAD-7C5F32FB7D72}.Debug|Any CPU.ActiveCfg = Debug|Any CPU
		{CC6D4763-DF35-4898-AAAD-7C5F32FB7D72}.Debug|Any CPU.Build.0 = Debug|Any CPU
		{CC6D4763-DF35-4898-AAAD-7C5F32FB7D72}.Release|Any CPU.ActiveCfg = Release|Any CPU
		{CC6D4763-DF35-4898-AAAD-7C5F32FB7D72}.Release|Any CPU.Build.0 = Release|Any CPU
	EndGlobalSection
	GlobalSection(SolutionProperties) = preSolution
		HideSolutionNode = FALSE
	EndGlobalSection
	GlobalSection(ExtensibilityGlobals) = postSolution
		SolutionGuid = {C19CB5D6-8185-44A2-AE66-8A6224AF3214}
	EndGlobalSection
EndGlobal
