
Microsoft Visual Studio Solution File, Format Version 12.00
# Visual Studio Version 16
VisualStudioVersion = 25.0.1706.9
MinimumVisualStudioVersion = 10.0.40219.1
Project("{FAE04EC0-301F-11D3-BF4B-00C04F79EFBC}") = "DelegateBasicExample", "DelegateBasicExample\DelegateBasicExample.csproj", "{CF3E1FC5-A1BD-409E-8C07-8737B2D40A10}"
EndProject
Global
	GlobalSection(SolutionConfigurationPlatforms) = preSolution
		Debug|Any CPU = Debug|Any CPU
		Release|Any CPU = Release|Any CPU
	EndGlobalSection
	GlobalSection(ProjectConfigurationPlatforms) = postSolution
		{CF3E1FC5-A1BD-409E-8C07-8737B2D40A10}.Debug|Any CPU.ActiveCfg = Debug|Any CPU
		{CF3E1FC5-A1BD-409E-8C07-8737B2D40A10}.Debug|Any CPU.Build.0 = Debug|Any CPU
		{CF3E1FC5-A1BD-409E-8C07-8737B2D40A10}.Release|Any CPU.ActiveCfg = Release|Any CPU
		{CF3E1FC5-A1BD-409E-8C07-8737B2D40A10}.Release|Any CPU.Build.0 = Release|Any CPU
	EndGlobalSection
	GlobalSection(SolutionProperties) = preSolution
		HideSolutionNode = FALSE
	EndGlobalSection
	GlobalSection(ExtensibilityGlobals) = postSolution
		SolutionGuid = {BD96800F-5528-42DA-870E-01CA3500920B}
	EndGlobalSection
EndGlobal
